// !$*UTF8*$!
{
	archiveVersion = 1;
	classes = {
	};
	objectVersion = 48;
	objects = {

/* Begin PBXBuildFile section */
		463B7398202A5BEB00757380 /* AppDelegate.swift in Sources */ = {isa = PBXBuildFile; fileRef = 463B7397202A5BEB00757380 /* AppDelegate.swift */; };
		463B739A202A5BEB00757380 /* SignInViewController.swift in Sources */ = {isa = PBXBuildFile; fileRef = 463B7399202A5BEB00757380 /* SignInViewController.swift */; };
		463B739D202A5BEB00757380 /* Main.storyboard in Resources */ = {isa = PBXBuildFile; fileRef = 463B739B202A5BEB00757380 /* Main.storyboard */; };
		463B739F202A5BEB00757380 /* Assets.xcassets in Resources */ = {isa = PBXBuildFile; fileRef = 463B739E202A5BEB00757380 /* Assets.xcassets */; };
		463B73A2202A5BEB00757380 /* LaunchScreen.storyboard in Resources */ = {isa = PBXBuildFile; fileRef = 463B73A0202A5BEB00757380 /* LaunchScreen.storyboard */; };
		46A8D56920366AF600F3BF4D /* GoogleService-Info.plist in Resources */ = {isa = PBXBuildFile; fileRef = 46A8D56820366AF600F3BF4D /* GoogleService-Info.plist */; };
		46B35B862038B4FB0090ED99 /* SnapsViewController.swift in Sources */ = {isa = PBXBuildFile; fileRef = 46B35B852038B4FB0090ED99 /* SnapsViewController.swift */; };
		46B35B882038BD350090ED99 /* PictureViewController.swift in Sources */ = {isa = PBXBuildFile; fileRef = 46B35B872038BD350090ED99 /* PictureViewController.swift */; };
		46B35B8A2038D3370090ED99 /* SelectUserViewController.swift in Sources */ = {isa = PBXBuildFile; fileRef = 46B35B892038D3370090ED99 /* SelectUserViewController.swift */; };
		46B35B8C203928AF0090ED99 /* user.swift in Sources */ = {isa = PBXBuildFile; fileRef = 46B35B8B203928AF0090ED99 /* user.swift */; };
		46CC6CA8203B5E8B00854907 /* ViewSnapViewController.swift in Sources */ = {isa = PBXBuildFile; fileRef = 46CC6CA7203B5E8B00854907 /* ViewSnapViewController.swift */; };
		46F4788F203B443200904291 /* Snap.swift in Sources */ = {isa = PBXBuildFile; fileRef = 46F4788E203B443200904291 /* Snap.swift */; };
		67072AA950B7A0F73E27A20F /* Pods_Snapclone.framework in Frameworks */ = {isa = PBXBuildFile; fileRef = 131F6955A11F62EA4E6864BD /* Pods_Snapclone.framework */; };
/* End PBXBuildFile section */

/* Begin PBXFileReference section */
		131F6955A11F62EA4E6864BD /* Pods_Snapclone.framework */ = {isa = PBXFileReference; explicitFileType = wrapper.framework; includeInIndex = 0; path = Pods_Snapclone.framework; sourceTree = BUILT_PRODUCTS_DIR; };
		3B8EF788B9922E587D430192 /* Pods-Snapclone.debug.xcconfig */ = {isa = PBXFileReference; includeInIndex = 1; lastKnownFileType = text.xcconfig; name = "Pods-Snapclone.debug.xcconfig"; path = "Pods/Target Support Files/Pods-Snapclone/Pods-Snapclone.debug.xcconfig"; sourceTree = "<group>"; };
		463B7394202A5BEB00757380 /* Snapclone.app */ = {isa = PBXFileReference; explicitFileType = wrapper.application; includeInIndex = 0; path = Snapclone.app; sourceTree = BUILT_PRODUCTS_DIR; };
		463B7397202A5BEB00757380 /* AppDelegate.swift */ = {isa = PBXFileReference; lastKnownFileType = sourcecode.swift; path = AppDelegate.swift; sourceTree = "<group>"; };
		463B7399202A5BEB00757380 /* SignInViewController.swift */ = {isa = PBXFileReference; lastKnownFileType = sourcecode.swift; path = SignInViewController.swift; sourceTree = "<group>"; };
		463B739C202A5BEB00757380 /* Base */ = {isa = PBXFileReference; lastKnownFileType = file.storyboard; name = Base; path = Base.lproj/Main.storyboard; sourceTree = "<group>"; };
		463B739E202A5BEB00757380 /* Assets.xcassets */ = {isa = PBXFileReference; lastKnownFileType = folder.assetcatalog; path = Assets.xcassets; sourceTree = "<group>"; };
		463B73A1202A5BEB00757380 /* Base */ = {isa = PBXFileReference; lastKnownFileType = file.storyboard; name = Base; path = Base.lproj/LaunchScreen.storyboard; sourceTree = "<group>"; };
		463B73A3202A5BEB00757380 /* Info.plist */ = {isa = PBXFileReference; lastKnownFileType = text.plist.xml; path = Info.plist; sourceTree = "<group>"; };
		46A8D56820366AF600F3BF4D /* GoogleService-Info.plist */ = {isa = PBXFileReference; fileEncoding = 4; lastKnownFileType = text.plist.xml; path = "GoogleService-Info.plist"; sourceTree = "<group>"; };
		46B35B852038B4FB0090ED99 /* SnapsViewController.swift */ = {isa = PBXFileReference; lastKnownFileType = sourcecode.swift; path = SnapsViewController.swift; sourceTree = "<group>"; };
		46B35B872038BD350090ED99 /* PictureViewController.swift */ = {isa = PBXFileReference; lastKnownFileType = sourcecode.swift; path = PictureViewController.swift; sourceTree = "<group>"; };
		46B35B892038D3370090ED99 /* SelectUserViewController.swift */ = {isa = PBXFileReference; lastKnownFileType = sourcecode.swift; path = SelectUserViewController.swift; sourceTree = "<group>"; };
		46B35B8B203928AF0090ED99 /* user.swift */ = {isa = PBXFileReference; lastKnownFileType = sourcecode.swift; path = user.swift; sourceTree = "<group>"; };
		46CC6CA7203B5E8B00854907 /* ViewSnapViewController.swift */ = {isa = PBXFileReference; lastKnownFileType = sourcecode.swift; path = ViewSnapViewController.swift; sourceTree = "<group>"; };
		46F4788E203B443200904291 /* Snap.swift */ = {isa = PBXFileReference; lastKnownFileType = sourcecode.swift; path = Snap.swift; sourceTree = "<group>"; };
		9CED39F35E6070C34261327F /* Pods-Snapclone.release.xcconfig */ = {isa = PBXFileReference; includeInIndex = 1; lastKnownFileType = text.xcconfig; name = "Pods-Snapclone.release.xcconfig"; path = "Pods/Target Support Files/Pods-Snapclone/Pods-Snapclone.release.xcconfig"; sourceTree = "<group>"; };
/* End PBXFileReference section */

/* Begin PBXFrameworksBuildPhase section */
		463B7391202A5BEB00757380 /* Frameworks */ = {
			isa = PBXFrameworksBuildPhase;
			buildActionMask = 2147483647;
			files = (
				67072AA950B7A0F73E27A20F /* Pods_Snapclone.framework in Frameworks */,
			);
			runOnlyForDeploymentPostprocessing = 0;
		};
/* End PBXFrameworksBuildPhase section */

/* Begin PBXGroup section */
		141048A8CA6ED14734965303 /* Frameworks */ = {
			isa = PBXGroup;
			children = (
				131F6955A11F62EA4E6864BD /* Pods_Snapclone.framework */,
			);
			name = Frameworks;
			sourceTree = "<group>";
		};
		16CEE3E5FF098C4084C85DD5 /* Pods */ = {
			isa = PBXGroup;
			children = (
				3B8EF788B9922E587D430192 /* Pods-Snapclone.debug.xcconfig */,
				9CED39F35E6070C34261327F /* Pods-Snapclone.release.xcconfig */,
			);
			name = Pods;
			sourceTree = "<group>";
		};
		463B738B202A5BEB00757380 = {
			isa = PBXGroup;
			children = (
				463B7396202A5BEB00757380 /* Snapclone */,
				463B7395202A5BEB00757380 /* Products */,
				16CEE3E5FF098C4084C85DD5 /* Pods */,
				141048A8CA6ED14734965303 /* Frameworks */,
			);
			sourceTree = "<group>";
		};
		463B7395202A5BEB00757380 /* Products */ = {
			isa = PBXGroup;
			children = (
				463B7394202A5BEB00757380 /* Snapclone.app */,
			);
			name = Products;
			sourceTree = "<group>";
		};
		463B7396202A5BEB00757380 /* Snapclone */ = {
			isa = PBXGroup;
			children = (
				46B35B8D203929150090ED99 /* ViewControllers */,
				46B35B8E2039294C0090ED99 /* Models */,
				463B7397202A5BEB00757380 /* AppDelegate.swift */,
				46A8D56820366AF600F3BF4D /* GoogleService-Info.plist */,
				463B739B202A5BEB00757380 /* Main.storyboard */,
				463B739E202A5BEB00757380 /* Assets.xcassets */,
				463B73A0202A5BEB00757380 /* LaunchScreen.storyboard */,
				463B73A3202A5BEB00757380 /* Info.plist */,
			);
			path = Snapclone;
			sourceTree = "<group>";
		};
		46B35B8D203929150090ED99 /* ViewControllers */ = {
			isa = PBXGroup;
			children = (
				46B35B872038BD350090ED99 /* PictureViewController.swift */,
				46B35B892038D3370090ED99 /* SelectUserViewController.swift */,
				463B7399202A5BEB00757380 /* SignInViewController.swift */,
				46B35B852038B4FB0090ED99 /* SnapsViewController.swift */,
				46CC6CA7203B5E8B00854907 /* ViewSnapViewController.swift */,
			);
			path = ViewControllers;
			sourceTree = "<group>";
		};
		46B35B8E2039294C0090ED99 /* Models */ = {
			isa = PBXGroup;
			children = (
				46B35B8B203928AF0090ED99 /* user.swift */,
				46F4788E203B443200904291 /* Snap.swift */,
			);
			path = Models;
			sourceTree = "<group>";
		};
/* End PBXGroup section */

/* Begin PBXNativeTarget section */
		463B7393202A5BEB00757380 /* Snapclone */ = {
			isa = PBXNativeTarget;
			buildConfigurationList = 463B73A6202A5BEB00757380 /* Build configuration list for PBXNativeTarget "Snapclone" */;
			buildPhases = (
				07C4E67AC001171667B8E084 /* [CP] Check Pods Manifest.lock */,
				463B7390202A5BEB00757380 /* Sources */,
				463B7391202A5BEB00757380 /* Frameworks */,
				463B7392202A5BEB00757380 /* Resources */,
				16EA6737C159309927ED9B0B /* [CP] Embed Pods Frameworks */,
				CDB5FB514676D8300D8DDDB4 /* [CP] Copy Pods Resources */,
			);
			buildRules = (
			);
			dependencies = (
			);
			name = Snapclone;
			productName = Snapclone;
			productReference = 463B7394202A5BEB00757380 /* Snapclone.app */;
			productType = "com.apple.product-type.application";
		};
/* End PBXNativeTarget section */

/* Begin PBXProject section */
		463B738C202A5BEB00757380 /* Project object */ = {
			isa = PBXProject;
			attributes = {
				LastSwiftUpdateCheck = 0900;
				LastUpgradeCheck = 0900;
				ORGANIZATIONNAME = "Juan Tenezaca";
				TargetAttributes = {
					463B7393202A5BEB00757380 = {
						CreatedOnToolsVersion = 9.0;
						ProvisioningStyle = Automatic;
					};
				};
			};
			buildConfigurationList = 463B738F202A5BEB00757380 /* Build configuration list for PBXProject "Snapclone" */;
			compatibilityVersion = "Xcode 8.0";
			developmentRegion = en;
			hasScannedForEncodings = 0;
			knownRegions = (
				en,
				Base,
			);
			mainGroup = 463B738B202A5BEB00757380;
			productRefGroup = 463B7395202A5BEB00757380 /* Products */;
			projectDirPath = "";
			projectRoot = "";
			targets = (
				463B7393202A5BEB00757380 /* Snapclone */,
			);
		};
/* End PBXProject section */

/* Begin PBXResourcesBuildPhase section */
		463B7392202A5BEB00757380 /* Resources */ = {
			isa = PBXResourcesBuildPhase;
			buildActionMask = 2147483647;
			files = (
				463B73A2202A5BEB00757380 /* LaunchScreen.storyboard in Resources */,
				46A8D56920366AF600F3BF4D /* GoogleService-Info.plist in Resources */,
				463B739F202A5BEB00757380 /* Assets.xcassets in Resources */,
				463B739D202A5BEB00757380 /* Main.storyboard in Resources */,
			);
			runOnlyForDeploymentPostprocessing = 0;
		};
/* End PBXResourcesBuildPhase section */

/* Begin PBXShellScriptBuildPhase section */
		07C4E67AC001171667B8E084 /* [CP] Check Pods Manifest.lock */ = {
			isa = PBXShellScriptBuildPhase;
			buildActionMask = 2147483647;
			files = (
			);
			inputPaths = (
			);
			name = "[CP] Check Pods Manifest.lock";
			outputPaths = (
			);
			runOnlyForDeploymentPostprocessing = 0;
			shellPath = /bin/sh;
			shellScript = "diff \"${PODS_ROOT}/../Podfile.lock\" \"${PODS_ROOT}/Manifest.lock\" > /dev/null\nif [ $? != 0 ] ; then\n    # print error to STDERR\n    echo \"error: The sandbox is not in sync with the Podfile.lock. Run 'pod install' or update your CocoaPods installation.\" >&2\n    exit 1\nfi\n";
			showEnvVarsInLog = 0;
		};
		16EA6737C159309927ED9B0B /* [CP] Embed Pods Frameworks */ = {
			isa = PBXShellScriptBuildPhase;
			buildActionMask = 2147483647;
			files = (
			);
			inputPaths = (
			);
			name = "[CP] Embed Pods Frameworks";
			outputPaths = (
			);
			runOnlyForDeploymentPostprocessing = 0;
			shellPath = /bin/sh;
			shellScript = "\"${SRCROOT}/Pods/Target Support Files/Pods-Snapclone/Pods-Snapclone-frameworks.sh\"\n";
			showEnvVarsInLog = 0;
		};
		CDB5FB514676D8300D8DDDB4 /* [CP] Copy Pods Resources */ = {
			isa = PBXShellScriptBuildPhase;
			buildActionMask = 2147483647;
			files = (
			);
			inputPaths = (
			);
			name = "[CP] Copy Pods Resources";
			outputPaths = (
			);
			runOnlyForDeploymentPostprocessing = 0;
			shellPath = /bin/sh;
			shellScript = "\"${SRCROOT}/Pods/Target Support Files/Pods-Snapclone/Pods-Snapclone-resources.sh\"\n";
			showEnvVarsInLog = 0;
		};
/* End PBXShellScriptBuildPhase section */

/* Begin PBXSourcesBuildPhase section */
		463B7390202A5BEB00757380 /* Sources */ = {
			isa = PBXSourcesBuildPhase;
			buildActionMask = 2147483647;
			files = (
				463B739A202A5BEB00757380 /* SignInViewController.swift in Sources */,
				46B35B882038BD350090ED99 /* PictureViewController.swift in Sources */,
				46B35B8C203928AF0090ED99 /* user.swift in Sources */,
				46CC6CA8203B5E8B00854907 /* ViewSnapViewController.swift in Sources */,
				46B35B8A2038D3370090ED99 /* SelectUserViewController.swift in Sources */,
				46F4788F203B443200904291 /* Snap.swift in Sources */,
				463B7398202A5BEB00757380 /* AppDelegate.swift in Sources */,
				46B35B862038B4FB0090ED99 /* SnapsViewController.swift in Sources */,
			);
			runOnlyForDeploymentPostprocessing = 0;
		};
/* End PBXSourcesBuildPhase section */

/* Begin PBXVariantGroup section */
		463B739B202A5BEB00757380 /* Main.storyboard */ = {
			isa = PBXVariantGroup;
			children = (
				463B739C202A5BEB00757380 /* Base */,
			);
			name = Main.storyboard;
			sourceTree = "<group>";
		};
		463B73A0202A5BEB00757380 /* LaunchScreen.storyboard */ = {
			isa = PBXVariantGroup;
			children = (
				463B73A1202A5BEB00757380 /* Base */,
			);
			name = LaunchScreen.storyboard;
			sourceTree = "<group>";
		};
/* End PBXVariantGroup section */

/* Begin XCBuildConfiguration section */
		463B73A4202A5BEB00757380 /* Debug */ = {
			isa = XCBuildConfiguration;
			buildSettings = {
				ALWAYS_SEARCH_USER_PATHS = NO;
				CLANG_ANALYZER_NONNULL = YES;
				CLANG_ANALYZER_NUMBER_OBJECT_CONVERSION = YES_AGGRESSIVE;
				CLANG_CXX_LANGUAGE_STANDARD = "gnu++14";
				CLANG_CXX_LIBRARY = "libc++";
				CLANG_ENABLE_MODULES = YES;
				CLANG_ENABLE_OBJC_ARC = YES;
				CLANG_WARN_BLOCK_CAPTURE_AUTORELEASING = YES;
				CLANG_WARN_BOOL_CONVERSION = YES;
				CLANG_WARN_COMMA = YES;
				CLANG_WARN_CONSTANT_CONVERSION = YES;
				CLANG_WARN_DIRECT_OBJC_ISA_USAGE = YES_ERROR;
				CLANG_WARN_DOCUMENTATION_COMMENTS = YES;
				CLANG_WARN_EMPTY_BODY = YES;
				CLANG_WARN_ENUM_CONVERSION = YES;
				CLANG_WARN_INFINITE_RECURSION = YES;
				CLANG_WARN_INT_CONVERSION = YES;
				CLANG_WARN_NON_LITERAL_NULL_CONVERSION = YES;
				CLANG_WARN_OBJC_LITERAL_CONVERSION = YES;
				CLANG_WARN_OBJC_ROOT_CLASS = YES_ERROR;
				CLANG_WARN_RANGE_LOOP_ANALYSIS = YES;
				CLANG_WARN_STRICT_PROTOTYPES = YES;
				CLANG_WARN_SUSPICIOUS_MOVE = YES;
				CLANG_WARN_UNGUARDED_AVAILABILITY = YES_AGGRESSIVE;
				CLANG_WARN_UNREACHABLE_CODE = YES;
				CLANG_WARN__DUPLICATE_METHOD_MATCH = YES;
				CODE_SIGN_IDENTITY = "iPhone Developer";
				COPY_PHASE_STRIP = NO;
				DEBUG_INFORMATION_FORMAT = dwarf;
				ENABLE_STRICT_OBJC_MSGSEND = YES;
				ENABLE_TESTABILITY = YES;
				GCC_C_LANGUAGE_STANDARD = gnu11;
				GCC_DYNAMIC_NO_PIC = NO;
				GCC_NO_COMMON_BLOCKS = YES;
				GCC_OPTIMIZATION_LEVEL = 0;
				GCC_PREPROCESSOR_DEFINITIONS = (
					"DEBUG=1",
					"$(inherited)",
				);
				GCC_WARN_64_TO_32_BIT_CONVERSION = YES;
				GCC_WARN_ABOUT_RETURN_TYPE = YES_ERROR;
				GCC_WARN_UNDECLARED_SELECTOR = YES;
				GCC_WARN_UNINITIALIZED_AUTOS = YES_AGGRESSIVE;
				GCC_WARN_UNUSED_FUNCTION = YES;
				GCC_WARN_UNUSED_VARIABLE = YES;
				IPHONEOS_DEPLOYMENT_TARGET = 11.0;
				MTL_ENABLE_DEBUG_INFO = YES;
				ONLY_ACTIVE_ARCH = YES;
				SDKROOT = iphoneos;
				SWIFT_ACTIVE_COMPILATION_CONDITIONS = DEBUG;
				SWIFT_OPTIMIZATION_LEVEL = "-Onone";
			};
			name = Debug;
		};
		463B73A5202A5BEB00757380 /* Release */ = {
			isa = XCBuildConfiguration;
			buildSettings = {
				ALWAYS_SEARCH_USER_PATHS = NO;
				CLANG_ANALYZER_NONNULL = YES;
				CLANG_ANALYZER_NUMBER_OBJECT_CONVERSION = YES_AGGRESSIVE;
				CLANG_CXX_LANGUAGE_STANDARD = "gnu++14";
				CLANG_CXX_LIBRARY = "libc++";
				CLANG_ENABLE_MODULES = YES;
				CLANG_ENABLE_OBJC_ARC = YES;
				CLANG_WARN_BLOCK_CAPTURE_AUTORELEASING = YES;
				CLANG_WARN_BOOL_CONVERSION = YES;
				CLANG_WARN_COMMA = YES;
				CLANG_WARN_CONSTANT_CONVERSION = YES;
				CLANG_WARN_DIRECT_OBJC_ISA_USAGE = YES_ERROR;
				CLANG_WARN_DOCUMENTATION_COMMENTS = YES;
				CLANG_WARN_EMPTY_BODY = YES;
				CLANG_WARN_ENUM_CONVERSION = YES;
				CLANG_WARN_INFINITE_RECURSION = YES;
				CLANG_WARN_INT_CONVERSION = YES;
				CLANG_WARN_NON_LITERAL_NULL_CONVERSION = YES;
				CLANG_WARN_OBJC_LITERAL_CONVERSION = YES;
				CLANG_WARN_OBJC_ROOT_CLASS = YES_ERROR;
				CLANG_WARN_RANGE_LOOP_ANALYSIS = YES;
				CLANG_WARN_STRICT_PROTOTYPES = YES;
				CLANG_WARN_SUSPICIOUS_MOVE = YES;
				CLANG_WARN_UNGUARDED_AVAILABILITY = YES_AGGRESSIVE;
				CLANG_WARN_UNREACHABLE_CODE = YES;
				CLANG_WARN__DUPLICATE_METHOD_MATCH = YES;
				CODE_SIGN_IDENTITY = "iPhone Developer";
				COPY_PHASE_STRIP = NO;
				DEBUG_INFORMATION_FORMAT = "dwarf-with-dsym";
				ENABLE_NS_ASSERTIONS = NO;
				ENABLE_STRICT_OBJC_MSGSEND = YES;
				GCC_C_LANGUAGE_STANDARD = gnu11;
				GCC_NO_COMMON_BLOCKS = YES;
				GCC_WARN_64_TO_32_BIT_CONVERSION = YES;
				GCC_WARN_ABOUT_RETURN_TYPE = YES_ERROR;
				GCC_WARN_UNDECLARED_SELECTOR = YES;
				GCC_WARN_UNINITIALIZED_AUTOS = YES_AGGRESSIVE;
				GCC_WARN_UNUSED_FUNCTION = YES;
				GCC_WARN_UNUSED_VARIABLE = YES;
				IPHONEOS_DEPLOYMENT_TARGET = 11.0;
				MTL_ENABLE_DEBUG_INFO = NO;
				SDKROOT = iphoneos;
				SWIFT_OPTIMIZATION_LEVEL = "-Owholemodule";
				VALIDATE_PRODUCT = YES;
			};
			name = Release;
		};
		463B73A7202A5BEB00757380 /* Debug */ = {
			isa = XCBuildConfiguration;
			baseConfigurationReference = 3B8EF788B9922E587D430192 /* Pods-Snapclone.debug.xcconfig */;
			buildSettings = {
				ASSETCATALOG_COMPILER_APPICON_NAME = AppIcon;
				CODE_SIGN_STYLE = Automatic;
				DEVELOPMENT_TEAM = VZ995HZY37;
				INFOPLIST_FILE = Snapclone/Info.plist;
				LD_RUNPATH_SEARCH_PATHS = "$(inherited) @executable_path/Frameworks";
				PRODUCT_BUNDLE_IDENTIFIER = com.example1.Snapclone;
				PRODUCT_NAME = "$(TARGET_NAME)";
				SWIFT_VERSION = 4.0;
				TARGETED_DEVICE_FAMILY = "1,2";
			};
			name = Debug;
		};
		463B73A8202A5BEB00757380 /* Release */ = {
			isa = XCBuildConfiguration;
			baseConfigurationReference = 9CED39F35E6070C34261327F /* Pods-Snapclone.release.xcconfig */;
			buildSettings = {
				ASSETCATALOG_COMPILER_APPICON_NAME = AppIcon;
				CODE_SIGN_STYLE = Automatic;
				DEVELOPMENT_TEAM = VZ995HZY37;
				INFOPLIST_FILE = Snapclone/Info.plist;
				LD_RUNPATH_SEARCH_PATHS = "$(inherited) @executable_path/Frameworks";
				PRODUCT_BUNDLE_IDENTIFIER = com.example1.Snapclone;
				PRODUCT_NAME = "$(TARGET_NAME)";
				SWIFT_VERSION = 4.0;
				TARGETED_DEVICE_FAMILY = "1,2";
			};
			name = Release;
		};
/* End XCBuildConfiguration section */

/* Begin XCConfigurationList section */
		463B738F202A5BEB00757380 /* Build configuration list for PBXProject "Snapclone" */ = {
			isa = XCConfigurationList;
			buildConfigurations = (
				463B73A4202A5BEB00757380 /* Debug */,
				463B73A5202A5BEB00757380 /* Release */,
			);
			defaultConfigurationIsVisible = 0;
			defaultConfigurationName = Release;
		};
		463B73A6202A5BEB00757380 /* Build configuration list for PBXNativeTarget "Snapclone" */ = {
			isa = XCConfigurationList;
			buildConfigurations = (
				463B73A7202A5BEB00757380 /* Debug */,
				463B73A8202A5BEB00757380 /* Release */,
			);
			defaultConfigurationIsVisible = 0;
			defaultConfigurationName = Release;
		};
/* End XCConfigurationList section */
	};
	rootObject = 463B738C202A5BEB00757380 /* Project object */;
}
